// !$*UTF8*$!
{
	archiveVersion = 1;
	classes = {
	};
	objectVersion = 55;
	objects = {

/* Begin PBXBuildFile section */
		76EBDF43286A3D3800054DA7 /* AppDelegate.swift in Sources */ = {isa = PBXBuildFile; fileRef = 76EBDF42286A3D3800054DA7 /* AppDelegate.swift */; };
		76EBDF45286A3D3800054DA7 /* SceneDelegate.swift in Sources */ = {isa = PBXBuildFile; fileRef = 76EBDF44286A3D3800054DA7 /* SceneDelegate.swift */; };
		76EBDF4A286A3D3800054DA7 /* Main.storyboard in Resources */ = {isa = PBXBuildFile; fileRef = 76EBDF48286A3D3800054DA7 /* Main.storyboard */; };
		76EBDF4D286A3D3800054DA7 /* toDoList.xcdatamodeld in Sources */ = {isa = PBXBuildFile; fileRef = 76EBDF4B286A3D3800054DA7 /* toDoList.xcdatamodeld */; };
		76EBDF4F286A3D4300054DA7 /* Assets.xcassets in Resources */ = {isa = PBXBuildFile; fileRef = 76EBDF4E286A3D4300054DA7 /* Assets.xcassets */; };
		76EBDF52286A3D4300054DA7 /* LaunchScreen.storyboard in Resources */ = {isa = PBXBuildFile; fileRef = 76EBDF50286A3D4300054DA7 /* LaunchScreen.storyboard */; };
		76EBDF5D286A3D4400054DA7 /* toDoListTests.swift in Sources */ = {isa = PBXBuildFile; fileRef = 76EBDF5C286A3D4400054DA7 /* toDoListTests.swift */; };
		76EBDF67286A3D4400054DA7 /* toDoListUITests.swift in Sources */ = {isa = PBXBuildFile; fileRef = 76EBDF66286A3D4400054DA7 /* toDoListUITests.swift */; };
		76EBDF69286A3D4400054DA7 /* toDoListUITestsLaunchTests.swift in Sources */ = {isa = PBXBuildFile; fileRef = 76EBDF68286A3D4400054DA7 /* toDoListUITestsLaunchTests.swift */; };
		76EBDF76286A424700054DA7 /* ToDoTableViewController.swift in Sources */ = {isa = PBXBuildFile; fileRef = 76EBDF75286A424700054DA7 /* ToDoTableViewController.swift */; };
		76EBDF78286A42F900054DA7 /* ToDo.swift in Sources */ = {isa = PBXBuildFile; fileRef = 76EBDF77286A42F900054DA7 /* ToDo.swift */; };
/* End PBXBuildFile section */

/* Begin PBXContainerItemProxy section */
		76EBDF59286A3D4400054DA7 /* PBXContainerItemProxy */ = {
			isa = PBXContainerItemProxy;
			containerPortal = 76EBDF37286A3D3800054DA7 /* Project object */;
			proxyType = 1;
			remoteGlobalIDString = 76EBDF3E286A3D3800054DA7;
			remoteInfo = toDoList;
		};
		76EBDF63286A3D4400054DA7 /* PBXContainerItemProxy */ = {
			isa = PBXContainerItemProxy;
			containerPortal = 76EBDF37286A3D3800054DA7 /* Project object */;
			proxyType = 1;
			remoteGlobalIDString = 76EBDF3E286A3D3800054DA7;
			remoteInfo = toDoList;
		};
/* End PBXContainerItemProxy section */

/* Begin PBXFileReference section */
		76EBDF3F286A3D3800054DA7 /* toDoList.app */ = {isa = PBXFileReference; explicitFileType = wrapper.application; includeInIndex = 0; path = toDoList.app; sourceTree = BUILT_PRODUCTS_DIR; };
		76EBDF42286A3D3800054DA7 /* AppDelegate.swift */ = {isa = PBXFileReference; lastKnownFileType = sourcecode.swift; path = AppDelegate.swift; sourceTree = "<group>"; };
		76EBDF44286A3D3800054DA7 /* SceneDelegate.swift */ = {isa = PBXFileReference; lastKnownFileType = sourcecode.swift; path = SceneDelegate.swift; sourceTree = "<group>"; };
		76EBDF49286A3D3800054DA7 /* Base */ = {isa = PBXFileReference; lastKnownFileType = file.storyboard; name = Base; path = Base.lproj/Main.storyboard; sourceTree = "<group>"; };
		76EBDF4C286A3D3800054DA7 /* toDoList.xcdatamodel */ = {isa = PBXFileReference; lastKnownFileType = wrapper.xcdatamodel; path = toDoList.xcdatamodel; sourceTree = "<group>"; };
		76EBDF4E286A3D4300054DA7 /* Assets.xcassets */ = {isa = PBXFileReference; lastKnownFileType = folder.assetcatalog; path = Assets.xcassets; sourceTree = "<group>"; };
		76EBDF51286A3D4300054DA7 /* Base */ = {isa = PBXFileReference; lastKnownFileType = file.storyboard; name = Base; path = Base.lproj/LaunchScreen.storyboard; sourceTree = "<group>"; };
		76EBDF53286A3D4300054DA7 /* Info.plist */ = {isa = PBXFileReference; lastKnownFileType = text.plist.xml; path = Info.plist; sourceTree = "<group>"; };
		76EBDF58286A3D4400054DA7 /* toDoListTests.xctest */ = {isa = PBXFileReference; explicitFileType = wrapper.cfbundle; includeInIndex = 0; path = toDoListTests.xctest; sourceTree = BUILT_PRODUCTS_DIR; };
		76EBDF5C286A3D4400054DA7 /* toDoListTests.swift */ = {isa = PBXFileReference; lastKnownFileType = sourcecode.swift; path = toDoListTests.swift; sourceTree = "<group>"; };
		76EBDF62286A3D4400054DA7 /* toDoListUITests.xctest */ = {isa = PBXFileReference; explicitFileType = wrapper.cfbundle; includeInIndex = 0; path = toDoListUITests.xctest; sourceTree = BUILT_PRODUCTS_DIR; };
		76EBDF66286A3D4400054DA7 /* toDoListUITests.swift */ = {isa = PBXFileReference; lastKnownFileType = sourcecode.swift; path = toDoListUITests.swift; sourceTree = "<group>"; };
		76EBDF68286A3D4400054DA7 /* toDoListUITestsLaunchTests.swift */ = {isa = PBXFileReference; lastKnownFileType = sourcecode.swift; path = toDoListUITestsLaunchTests.swift; sourceTree = "<group>"; };
		76EBDF75286A424700054DA7 /* ToDoTableViewController.swift */ = {isa = PBXFileReference; lastKnownFileType = sourcecode.swift; path = ToDoTableViewController.swift; sourceTree = "<group>"; };
		76EBDF77286A42F900054DA7 /* ToDo.swift */ = {isa = PBXFileReference; lastKnownFileType = sourcecode.swift; path = ToDo.swift; sourceTree = "<group>"; };
/* End PBXFileReference section */

/* Begin PBXFrameworksBuildPhase section */
		76EBDF3C286A3D3800054DA7 /* Frameworks */ = {
			isa = PBXFrameworksBuildPhase;
			buildActionMask = 2147483647;
			files = (
			);
			runOnlyForDeploymentPostprocessing = 0;
		};
		76EBDF55286A3D4400054DA7 /* Frameworks */ = {
			isa = PBXFrameworksBuildPhase;
			buildActionMask = 2147483647;
			files = (
			);
			runOnlyForDeploymentPostprocessing = 0;
		};
		76EBDF5F286A3D4400054DA7 /* Frameworks */ = {
			isa = PBXFrameworksBuildPhase;
			buildActionMask = 2147483647;
			files = (
			);
			runOnlyForDeploymentPostprocessing = 0;
		};
/* End PBXFrameworksBuildPhase section */

/* Begin PBXGroup section */
		76EBDF36286A3D3800054DA7 = {
			isa = PBXGroup;
			children = (
				76EBDF41286A3D3800054DA7 /* toDoList */,
				76EBDF5B286A3D4400054DA7 /* toDoListTests */,
				76EBDF65286A3D4400054DA7 /* toDoListUITests */,
				76EBDF40286A3D3800054DA7 /* Products */,
			);
			sourceTree = "<group>";
		};
		76EBDF40286A3D3800054DA7 /* Products */ = {
			isa = PBXGroup;
			children = (
				76EBDF3F286A3D3800054DA7 /* toDoList.app */,
				76EBDF58286A3D4400054DA7 /* toDoListTests.xctest */,
				76EBDF62286A3D4400054DA7 /* toDoListUITests.xctest */,
			);
			name = Products;
			sourceTree = "<group>";
		};
		76EBDF41286A3D3800054DA7 /* toDoList */ = {
			isa = PBXGroup;
			children = (
				76EBDF42286A3D3800054DA7 /* AppDelegate.swift */,
				76EBDF44286A3D3800054DA7 /* SceneDelegate.swift */,
				76EBDF48286A3D3800054DA7 /* Main.storyboard */,
				76EBDF77286A42F900054DA7 /* ToDo.swift */,
				76EBDF75286A424700054DA7 /* ToDoTableViewController.swift */,
				76EBDF4E286A3D4300054DA7 /* Assets.xcassets */,
				76EBDF50286A3D4300054DA7 /* LaunchScreen.storyboard */,
				76EBDF53286A3D4300054DA7 /* Info.plist */,
				76EBDF4B286A3D3800054DA7 /* toDoList.xcdatamodeld */,
			);
			path = toDoList;
			sourceTree = "<group>";
		};
		76EBDF5B286A3D4400054DA7 /* toDoListTests */ = {
			isa = PBXGroup;
			children = (
				76EBDF5C286A3D4400054DA7 /* toDoListTests.swift */,
			);
			path = toDoListTests;
			sourceTree = "<group>";
		};
		76EBDF65286A3D4400054DA7 /* toDoListUITests */ = {
			isa = PBXGroup;
			children = (
				76EBDF66286A3D4400054DA7 /* toDoListUITests.swift */,
				76EBDF68286A3D4400054DA7 /* toDoListUITestsLaunchTests.swift */,
			);
			path = toDoListUITests;
			sourceTree = "<group>";
		};
/* End PBXGroup section */

/* Begin PBXNativeTarget section */
		76EBDF3E286A3D3800054DA7 /* toDoList */ = {
			isa = PBXNativeTarget;
			buildConfigurationList = 76EBDF6C286A3D4400054DA7 /* Build configuration list for PBXNativeTarget "toDoList" */;
			buildPhases = (
				76EBDF3B286A3D3800054DA7 /* Sources */,
				76EBDF3C286A3D3800054DA7 /* Frameworks */,
				76EBDF3D286A3D3800054DA7 /* Resources */,
			);
			buildRules = (
			);
			dependencies = (
			);
			name = toDoList;
			productName = toDoList;
			productReference = 76EBDF3F286A3D3800054DA7 /* toDoList.app */;
			productType = "com.apple.product-type.application";
		};
		76EBDF57286A3D4400054DA7 /* toDoListTests */ = {
			isa = PBXNativeTarget;
			buildConfigurationList = 76EBDF6F286A3D4400054DA7 /* Build configuration list for PBXNativeTarget "toDoListTests" */;
			buildPhases = (
				76EBDF54286A3D4400054DA7 /* Sources */,
				76EBDF55286A3D4400054DA7 /* Frameworks */,
				76EBDF56286A3D4400054DA7 /* Resources */,
			);
			buildRules = (
			);
			dependencies = (
				76EBDF5A286A3D4400054DA7 /* PBXTargetDependency */,
			);
			name = toDoListTests;
			productName = toDoListTests;
			productReference = 76EBDF58286A3D4400054DA7 /* toDoListTests.xctest */;
			productType = "com.apple.product-type.bundle.unit-test";
		};
		76EBDF61286A3D4400054DA7 /* toDoListUITests */ = {
			isa = PBXNativeTarget;
			buildConfigurationList = 76EBDF72286A3D4400054DA7 /* Build configuration list for PBXNativeTarget "toDoListUITests" */;
			buildPhases = (
				76EBDF5E286A3D4400054DA7 /* Sources */,
				76EBDF5F286A3D4400054DA7 /* Frameworks */,
				76EBDF60286A3D4400054DA7 /* Resources */,
			);
			buildRules = (
			);
			dependencies = (
				76EBDF64286A3D4400054DA7 /* PBXTargetDependency */,
			);
			name = toDoListUITests;
			productName = toDoListUITests;
			productReference = 76EBDF62286A3D4400054DA7 /* toDoListUITests.xctest */;
			productType = "com.apple.product-type.bundle.ui-testing";
		};
/* End PBXNativeTarget section */

/* Begin PBXProject section */
		76EBDF37286A3D3800054DA7 /* Project object */ = {
			isa = PBXProject;
			attributes = {
				BuildIndependentTargetsInParallel = 1;
				LastSwiftUpdateCheck = 1340;
				LastUpgradeCheck = 1340;
				TargetAttributes = {
					76EBDF3E286A3D3800054DA7 = {
						CreatedOnToolsVersion = 13.4.1;
					};
					76EBDF57286A3D4400054DA7 = {
						CreatedOnToolsVersion = 13.4.1;
						TestTargetID = 76EBDF3E286A3D3800054DA7;
					};
					76EBDF61286A3D4400054DA7 = {
						CreatedOnToolsVersion = 13.4.1;
						TestTargetID = 76EBDF3E286A3D3800054DA7;
					};
				};
			};
			buildConfigurationList = 76EBDF3A286A3D3800054DA7 /* Build configuration list for PBXProject "toDoList" */;
			compatibilityVersion = "Xcode 13.0";
			developmentRegion = en;
			hasScannedForEncodings = 0;
			knownRegions = (
				en,
				Base,
			);
			mainGroup = 76EBDF36286A3D3800054DA7;
			productRefGroup = 76EBDF40286A3D3800054DA7 /* Products */;
			projectDirPath = "";
			projectRoot = "";
			targets = (
				76EBDF3E286A3D3800054DA7 /* toDoList */,
				76EBDF57286A3D4400054DA7 /* toDoListTests */,
				76EBDF61286A3D4400054DA7 /* toDoListUITests */,
			);
		};
/* End PBXProject section */

/* Begin PBXResourcesBuildPhase section */
		76EBDF3D286A3D3800054DA7 /* Resources */ = {
			isa = PBXResourcesBuildPhase;
			buildActionMask = 2147483647;
			files = (
				76EBDF52286A3D4300054DA7 /* LaunchScreen.storyboard in Resources */,
				76EBDF4F286A3D4300054DA7 /* Assets.xcassets in Resources */,
				76EBDF4A286A3D3800054DA7 /* Main.storyboard in Resources */,
			);
			runOnlyForDeploymentPostprocessing = 0;
		};
		76EBDF56286A3D4400054DA7 /* Resources */ = {
			isa = PBXResourcesBuildPhase;
			buildActionMask = 2147483647;
			files = (
			);
			runOnlyForDeploymentPostprocessing = 0;
		};
		76EBDF60286A3D4400054DA7 /* Resources */ = {
			isa = PBXResourcesBuildPhase;
			buildActionMask = 2147483647;
			files = (
			);
			runOnlyForDeploymentPostprocessing = 0;
		};
/* End PBXResourcesBuildPhase section */

/* Begin PBXSourcesBuildPhase section */
		76EBDF3B286A3D3800054DA7 /* Sources */ = {
			isa = PBXSourcesBuildPhase;
			buildActionMask = 2147483647;
			files = (
				76EBDF43286A3D3800054DA7 /* AppDelegate.swift in Sources */,
				76EBDF78286A42F900054DA7 /* ToDo.swift in Sources */,
				76EBDF76286A424700054DA7 /* ToDoTableViewController.swift in Sources */,
				76EBDF45286A3D3800054DA7 /* SceneDelegate.swift in Sources */,
				76EBDF4D286A3D3800054DA7 /* toDoList.xcdatamodeld in Sources */,
			);
			runOnlyForDeploymentPostprocessing = 0;
		};
		76EBDF54286A3D4400054DA7 /* Sources */ = {
			isa = PBXSourcesBuildPhase;
			buildActionMask = 2147483647;
			files = (
				76EBDF5D286A3D4400054DA7 /* toDoListTests.swift in Sources */,
			);
			runOnlyForDeploymentPostprocessing = 0;
		};
		76EBDF5E286A3D4400054DA7 /* Sources */ = {
			isa = PBXSourcesBuildPhase;
			buildActionMask = 2147483647;
			files = (
				76EBDF69286A3D4400054DA7 /* toDoListUITestsLaunchTests.swift in Sources */,
				76EBDF67286A3D4400054DA7 /* toDoListUITests.swift in Sources */,
			);
			runOnlyForDeploymentPostprocessing = 0;
		};
/* End PBXSourcesBuildPhase section */

/* Begin PBXTargetDependency section */
		76EBDF5A286A3D4400054DA7 /* PBXTargetDependency */ = {
			isa = PBXTargetDependency;
			target = 76EBDF3E286A3D3800054DA7 /* toDoList */;
			targetProxy = 76EBDF59286A3D4400054DA7 /* PBXContainerItemProxy */;
		};
		76EBDF64286A3D4400054DA7 /* PBXTargetDependency */ = {
			isa = PBXTargetDependency;
			target = 76EBDF3E286A3D3800054DA7 /* toDoList */;
			targetProxy = 76EBDF63286A3D4400054DA7 /* PBXContainerItemProxy */;
		};
/* End PBXTargetDependency section */

/* Begin PBXVariantGroup section */
		76EBDF48286A3D3800054DA7 /* Main.storyboard */ = {
			isa = PBXVariantGroup;
			children = (
				76EBDF49286A3D3800054DA7 /* Base */,
			);
			name = Main.storyboard;
			sourceTree = "<group>";
		};
		76EBDF50286A3D4300054DA7 /* LaunchScreen.storyboard */ = {
			isa = PBXVariantGroup;
			children = (
				76EBDF51286A3D4300054DA7 /* Base */,
			);
			name = LaunchScreen.storyboard;
			sourceTree = "<group>";
		};
/* End PBXVariantGroup section */

/* Begin XCBuildConfiguration section */
		76EBDF6A286A3D4400054DA7 /* Debug */ = {
			isa = XCBuildConfiguration;
			buildSettings = {
				ALWAYS_SEARCH_USER_PATHS = NO;
				CLANG_ANALYZER_NONNULL = YES;
				CLANG_ANALYZER_NUMBER_OBJECT_CONVERSION = YES_AGGRESSIVE;
				CLANG_CXX_LANGUAGE_STANDARD = "gnu++17";
				CLANG_ENABLE_MODULES = YES;
				CLANG_ENABLE_OBJC_ARC = YES;
				CLANG_ENABLE_OBJC_WEAK = YES;
				CLANG_WARN_BLOCK_CAPTURE_AUTORELEASING = YES;
				CLANG_WARN_BOOL_CONVERSION = YES;
				CLANG_WARN_COMMA = YES;
				CLANG_WARN_CONSTANT_CONVERSION = YES;
				CLANG_WARN_DEPRECATED_OBJC_IMPLEMENTATIONS = YES;
				CLANG_WARN_DIRECT_OBJC_ISA_USAGE = YES_ERROR;
				CLANG_WARN_DOCUMENTATION_COMMENTS = YES;
				CLANG_WARN_EMPTY_BODY = YES;
				CLANG_WARN_ENUM_CONVERSION = YES;
				CLANG_WARN_INFINITE_RECURSION = YES;
				CLANG_WARN_INT_CONVERSION = YES;
				CLANG_WARN_NON_LITERAL_NULL_CONVERSION = YES;
				CLANG_WARN_OBJC_IMPLICIT_RETAIN_SELF = YES;
				CLANG_WARN_OBJC_LITERAL_CONVERSION = YES;
				CLANG_WARN_OBJC_ROOT_CLASS = YES_ERROR;
				CLANG_WARN_QUOTED_INCLUDE_IN_FRAMEWORK_HEADER = YES;
				CLANG_WARN_RANGE_LOOP_ANALYSIS = YES;
				CLANG_WARN_STRICT_PROTOTYPES = YES;
				CLANG_WARN_SUSPICIOUS_MOVE = YES;
				CLANG_WARN_UNGUARDED_AVAILABILITY = YES_AGGRESSIVE;
				CLANG_WARN_UNREACHABLE_CODE = YES;
				CLANG_WARN__DUPLICATE_METHOD_MATCH = YES;
				COPY_PHASE_STRIP = NO;
				DEBUG_INFORMATION_FORMAT = dwarf;
				ENABLE_STRICT_OBJC_MSGSEND = YES;
				ENABLE_TESTABILITY = YES;
				GCC_C_LANGUAGE_STANDARD = gnu11;
				GCC_DYNAMIC_NO_PIC = NO;
				GCC_NO_COMMON_BLOCKS = YES;
				GCC_OPTIMIZATION_LEVEL = 0;
				GCC_PREPROCESSOR_DEFINITIONS = (
					"DEBUG=1",
					"$(inherited)",
				);
				GCC_WARN_64_TO_32_BIT_CONVERSION = YES;
				GCC_WARN_ABOUT_RETURN_TYPE = YES_ERROR;
				GCC_WARN_UNDECLARED_SELECTOR = YES;
				GCC_WARN_UNINITIALIZED_AUTOS = YES_AGGRESSIVE;
				GCC_WARN_UNUSED_FUNCTION = YES;
				GCC_WARN_UNUSED_VARIABLE = YES;
				IPHONEOS_DEPLOYMENT_TARGET = 15.5;
				MTL_ENABLE_DEBUG_INFO = INCLUDE_SOURCE;
				MTL_FAST_MATH = YES;
				ONLY_ACTIVE_ARCH = YES;
				SDKROOT = iphoneos;
				SWIFT_ACTIVE_COMPILATION_CONDITIONS = DEBUG;
				SWIFT_OPTIMIZATION_LEVEL = "-Onone";
			};
			name = Debug;
		};
		76EBDF6B286A3D4400054DA7 /* Release */ = {
			isa = XCBuildConfiguration;
			buildSettings = {
				ALWAYS_SEARCH_USER_PATHS = NO;
				CLANG_ANALYZER_NONNULL = YES;
				CLANG_ANALYZER_NUMBER_OBJECT_CONVERSION = YES_AGGRESSIVE;
				CLANG_CXX_LANGUAGE_STANDARD = "gnu++17";
				CLANG_ENABLE_MODULES = YES;
				CLANG_ENABLE_OBJC_ARC = YES;
				CLANG_ENABLE_OBJC_WEAK = YES;
				CLANG_WARN_BLOCK_CAPTURE_AUTORELEASING = YES;
				CLANG_WARN_BOOL_CONVERSION = YES;
				CLANG_WARN_COMMA = YES;
				CLANG_WARN_CONSTANT_CONVERSION = YES;
				CLANG_WARN_DEPRECATED_OBJC_IMPLEMENTATIONS = YES;
				CLANG_WARN_DIRECT_OBJC_ISA_USAGE = YES_ERROR;
				CLANG_WARN_DOCUMENTATION_COMMENTS = YES;
				CLANG_WARN_EMPTY_BODY = YES;
				CLANG_WARN_ENUM_CONVERSION = YES;
				CLANG_WARN_INFINITE_RECURSION = YES;
				CLANG_WARN_INT_CONVERSION = YES;
				CLANG_WARN_NON_LITERAL_NULL_CONVERSION = YES;
				CLANG_WARN_OBJC_IMPLICIT_RETAIN_SELF = YES;
				CLANG_WARN_OBJC_LITERAL_CONVERSION = YES;
				CLANG_WARN_OBJC_ROOT_CLASS = YES_ERROR;
				CLANG_WARN_QUOTED_INCLUDE_IN_FRAMEWORK_HEADER = YES;
				CLANG_WARN_RANGE_LOOP_ANALYSIS = YES;
				CLANG_WARN_STRICT_PROTOTYPES = YES;
				CLANG_WARN_SUSPICIOUS_MOVE = YES;
				CLANG_WARN_UNGUARDED_AVAILABILITY = YES_AGGRESSIVE;
				CLANG_WARN_UNREACHABLE_CODE = YES;
				CLANG_WARN__DUPLICATE_METHOD_MATCH = YES;
				COPY_PHASE_STRIP = NO;
				DEBUG_INFORMATION_FORMAT = "dwarf-with-dsym";
				ENABLE_NS_ASSERTIONS = NO;
				ENABLE_STRICT_OBJC_MSGSEND = YES;
				GCC_C_LANGUAGE_STANDARD = gnu11;
				GCC_NO_COMMON_BLOCKS = YES;
				GCC_WARN_64_TO_32_BIT_CONVERSION = YES;
				GCC_WARN_ABOUT_RETURN_TYPE = YES_ERROR;
				GCC_WARN_UNDECLARED_SELECTOR = YES;
				GCC_WARN_UNINITIALIZED_AUTOS = YES_AGGRESSIVE;
				GCC_WARN_UNUSED_FUNCTION = YES;
				GCC_WARN_UNUSED_VARIABLE = YES;
				IPHONEOS_DEPLOYMENT_TARGET = 15.5;
				MTL_ENABLE_DEBUG_INFO = NO;
				MTL_FAST_MATH = YES;
				SDKROOT = iphoneos;
				SWIFT_COMPILATION_MODE = wholemodule;
				SWIFT_OPTIMIZATION_LEVEL = "-O";
				VALIDATE_PRODUCT = YES;
			};
			name = Release;
		};
		76EBDF6D286A3D4400054DA7 /* Debug */ = {
			isa = XCBuildConfiguration;
			buildSettings = {
				ASSETCATALOG_COMPILER_APPICON_NAME = AppIcon;
				ASSETCATALOG_COMPILER_GLOBAL_ACCENT_COLOR_NAME = AccentColor;
				CODE_SIGN_STYLE = Automatic;
				CURRENT_PROJECT_VERSION = 1;
				GENERATE_INFOPLIST_FILE = YES;
				INFOPLIST_FILE = toDoList/Info.plist;
				INFOPLIST_KEY_UIApplicationSupportsIndirectInputEvents = YES;
				INFOPLIST_KEY_UILaunchStoryboardName = LaunchScreen;
				INFOPLIST_KEY_UIMainStoryboardFile = Main;
				INFOPLIST_KEY_UISupportedInterfaceOrientations_iPad = "UIInterfaceOrientationPortrait UIInterfaceOrientationPortraitUpsideDown UIInterfaceOrientationLandscapeLeft UIInterfaceOrientationLandscapeRight";
				INFOPLIST_KEY_UISupportedInterfaceOrientations_iPhone = "UIInterfaceOrientationPortrait UIInterfaceOrientationLandscapeLeft UIInterfaceOrientationLandscapeRight";
				LD_RUNPATH_SEARCH_PATHS = (
					"$(inherited)",
					"@executable_path/Frameworks",
				);
				MARKETING_VERSION = 1.0;
				PRODUCT_BUNDLE_IDENTIFIER = kwk.practice.toDoList;
				PRODUCT_NAME = "$(TARGET_NAME)";
				SWIFT_EMIT_LOC_STRINGS = YES;
				SWIFT_VERSION = 5.0;
				TARGETED_DEVICE_FAMILY = "1,2";
			};
			name = Debug;
		};
		76EBDF6E286A3D4400054DA7 /* Release */ = {
			isa = XCBuildConfiguration;
			buildSettings = {
				ASSETCATALOG_COMPILER_APPICON_NAME = AppIcon;
				ASSETCATALOG_COMPILER_GLOBAL_ACCENT_COLOR_NAME = AccentColor;
				CODE_SIGN_STYLE = Automatic;
				CURRENT_PROJECT_VERSION = 1;
				GENERATE_INFOPLIST_FILE = YES;
				INFOPLIST_FILE = toDoList/Info.plist;
				INFOPLIST_KEY_UIApplicationSupportsIndirectInputEvents = YES;
				INFOPLIST_KEY_UILaunchStoryboardName = LaunchScreen;
				INFOPLIST_KEY_UIMainStoryboardFile = Main;
				INFOPLIST_KEY_UISupportedInterfaceOrientations_iPad = "UIInterfaceOrientationPortrait UIInterfaceOrientationPortraitUpsideDown UIInterfaceOrientationLandscapeLeft UIInterfaceOrientationLandscapeRight";
				INFOPLIST_KEY_UISupportedInterfaceOrientations_iPhone = "UIInterfaceOrientationPortrait UIInterfaceOrientationLandscapeLeft UIInterfaceOrientationLandscapeRight";
				LD_RUNPATH_SEARCH_PATHS = (
					"$(inherited)",
					"@executable_path/Frameworks",
				);
				MARKETING_VERSION = 1.0;
				PRODUCT_BUNDLE_IDENTIFIER = kwk.practice.toDoList;
				PRODUCT_NAME = "$(TARGET_NAME)";
				SWIFT_EMIT_LOC_STRINGS = YES;
				SWIFT_VERSION = 5.0;
				TARGETED_DEVICE_FAMILY = "1,2";
			};
			name = Release;
		};
		76EBDF70286A3D4400054DA7 /* Debug */ = {
			isa = XCBuildConfiguration;
			buildSettings = {
				ALWAYS_EMBED_SWIFT_STANDARD_LIBRARIES = YES;
				BUNDLE_LOADER = "$(TEST_HOST)";
				CODE_SIGN_STYLE = Automatic;
				CURRENT_PROJECT_VERSION = 1;
				GENERATE_INFOPLIST_FILE = YES;
				IPHONEOS_DEPLOYMENT_TARGET = 15.5;
				MARKETING_VERSION = 1.0;
				PRODUCT_BUNDLE_IDENTIFIER = kwk.practice.toDoListTests;
				PRODUCT_NAME = "$(TARGET_NAME)";
				SWIFT_EMIT_LOC_STRINGS = NO;
				SWIFT_VERSION = 5.0;
				TARGETED_DEVICE_FAMILY = "1,2";
				TEST_HOST = "$(BUILT_PRODUCTS_DIR)/toDoList.app/toDoList";
			};
			name = Debug;
		};
		76EBDF71286A3D4400054DA7 /* Release */ = {
			isa = XCBuildConfiguration;
			buildSettings = {
				ALWAYS_EMBED_SWIFT_STANDARD_LIBRARIES = YES;
				BUNDLE_LOADER = "$(TEST_HOST)";
				CODE_SIGN_STYLE = Automatic;
				CURRENT_PROJECT_VERSION = 1;
				GENERATE_INFOPLIST_FILE = YES;
				IPHONEOS_DEPLOYMENT_TARGET = 15.5;
				MARKETING_VERSION = 1.0;
				PRODUCT_BUNDLE_IDENTIFIER = kwk.practice.toDoListTests;
				PRODUCT_NAME = "$(TARGET_NAME)";
				SWIFT_EMIT_LOC_STRINGS = NO;
				SWIFT_VERSION = 5.0;
				TARGETED_DEVICE_FAMILY = "1,2";
				TEST_HOST = "$(BUILT_PRODUCTS_DIR)/toDoList.app/toDoList";
			};
			name = Release;
		};
		76EBDF73286A3D4400054DA7 /* Debug */ = {
			isa = XCBuildConfiguration;
			buildSettings = {
				ALWAYS_EMBED_SWIFT_STANDARD_LIBRARIES = YES;
				CODE_SIGN_STYLE = Automatic;
				CURRENT_PROJECT_VERSION = 1;
				GENERATE_INFOPLIST_FILE = YES;
				MARKETING_VERSION = 1.0;
				PRODUCT_BUNDLE_IDENTIFIER = kwk.practice.toDoListUITests;
				PRODUCT_NAME = "$(TARGET_NAME)";
				SWIFT_EMIT_LOC_STRINGS = NO;
				SWIFT_VERSION = 5.0;
				TARGETED_DEVICE_FAMILY = "1,2";
				TEST_TARGET_NAME = toDoList;
			};
			name = Debug;
		};
		76EBDF74286A3D4400054DA7 /* Release */ = {
			isa = XCBuildConfiguration;
			buildSettings = {
				ALWAYS_EMBED_SWIFT_STANDARD_LIBRARIES = YES;
				CODE_SIGN_STYLE = Automatic;
				CURRENT_PROJECT_VERSION = 1;
				GENERATE_INFOPLIST_FILE = YES;
				MARKETING_VERSION = 1.0;
				PRODUCT_BUNDLE_IDENTIFIER = kwk.practice.toDoListUITests;
				PRODUCT_NAME = "$(TARGET_NAME)";
				SWIFT_EMIT_LOC_STRINGS = NO;
				SWIFT_VERSION = 5.0;
				TARGETED_DEVICE_FAMILY = "1,2";
				TEST_TARGET_NAME = toDoList;
			};
			name = Release;
		};
/* End XCBuildConfiguration section */

/* Begin XCConfigurationList section */
		76EBDF3A286A3D3800054DA7 /* Build configuration list for PBXProject "toDoList" */ = {
			isa = XCConfigurationList;
			buildConfigurations = (
				76EBDF6A286A3D4400054DA7 /* Debug */,
				76EBDF6B286A3D4400054DA7 /* Release */,
			);
			defaultConfigurationIsVisible = 0;
			defaultConfigurationName = Release;
		};
		76EBDF6C286A3D4400054DA7 /* Build configuration list for PBXNativeTarget "toDoList" */ = {
			isa = XCConfigurationList;
			buildConfigurations = (
				76EBDF6D286A3D4400054DA7 /* Debug */,
				76EBDF6E286A3D4400054DA7 /* Release */,
			);
			defaultConfigurationIsVisible = 0;
			defaultConfigurationName = Release;
		};
		76EBDF6F286A3D4400054DA7 /* Build configuration list for PBXNativeTarget "toDoListTests" */ = {
			isa = XCConfigurationList;
			buildConfigurations = (
				76EBDF70286A3D4400054DA7 /* Debug */,
				76EBDF71286A3D4400054DA7 /* Release */,
			);
			defaultConfigurationIsVisible = 0;
			defaultConfigurationName = Release;
		};
		76EBDF72286A3D4400054DA7 /* Build configuration list for PBXNativeTarget "toDoListUITests" */ = {
			isa = XCConfigurationList;
			buildConfigurations = (
				76EBDF73286A3D4400054DA7 /* Debug */,
				76EBDF74286A3D4400054DA7 /* Release */,
			);
			defaultConfigurationIsVisible = 0;
			defaultConfigurationName = Release;
		};
/* End XCConfigurationList section */

/* Begin XCVersionGroup section */
		76EBDF4B286A3D3800054DA7 /* toDoList.xcdatamodeld */ = {
			isa = XCVersionGroup;
			children = (
				76EBDF4C286A3D3800054DA7 /* toDoList.xcdatamodel */,
			);
			currentVersion = 76EBDF4C286A3D3800054DA7 /* toDoList.xcdatamodel */;
			path = toDoList.xcdatamodeld;
			sourceTree = "<group>";
			versionGroupType = wrapper.xcdatamodel;
		};
/* End XCVersionGroup section */
	};
	rootObject = 76EBDF37286A3D3800054DA7 /* Project object */;
}
